// !$*UTF8*$!
{
	archiveVersion = 1;
	classes = {
	};
	objectVersion = 50;
	objects = {

/* Begin PBXBuildFile section */
		A967843C276BEB9800F75E91 /* AppDelegate.swift in Sources */ = {isa = PBXBuildFile; fileRef = A967843B276BEB9800F75E91 /* AppDelegate.swift */; };
		A967843E276BEB9800F75E91 /* SceneDelegate.swift in Sources */ = {isa = PBXBuildFile; fileRef = A967843D276BEB9800F75E91 /* SceneDelegate.swift */; };
		A9678440276BEB9800F75E91 /* ViewController.swift in Sources */ = {isa = PBXBuildFile; fileRef = A967843F276BEB9800F75E91 /* ViewController.swift */; };
		A9678443276BEB9800F75E91 /* Main.storyboard in Resources */ = {isa = PBXBuildFile; fileRef = A9678441276BEB9800F75E91 /* Main.storyboard */; };
		A9678445276BEBAA00F75E91 /* Assets.xcassets in Resources */ = {isa = PBXBuildFile; fileRef = A9678444276BEBAA00F75E91 /* Assets.xcassets */; };
		A9678448276BEBAA00F75E91 /* LaunchScreen.storyboard in Resources */ = {isa = PBXBuildFile; fileRef = A9678446276BEBAA00F75E91 /* LaunchScreen.storyboard */; };
		A9678453276BEBAB00F75E91 /* DVTWeatherTests.swift in Sources */ = {isa = PBXBuildFile; fileRef = A9678452276BEBAB00F75E91 /* DVTWeatherTests.swift */; };
		A967845E276BEBAB00F75E91 /* DVTWeatherUITests.swift in Sources */ = {isa = PBXBuildFile; fileRef = A967845D276BEBAB00F75E91 /* DVTWeatherUITests.swift */; };
/* End PBXBuildFile section */

/* Begin PBXContainerItemProxy section */
		A967844F276BEBAB00F75E91 /* PBXContainerItemProxy */ = {
			isa = PBXContainerItemProxy;
			containerPortal = A9678430276BEB9700F75E91 /* Project object */;
			proxyType = 1;
			remoteGlobalIDString = A9678437276BEB9800F75E91;
			remoteInfo = DVTWeather;
		};
		A967845A276BEBAB00F75E91 /* PBXContainerItemProxy */ = {
			isa = PBXContainerItemProxy;
			containerPortal = A9678430276BEB9700F75E91 /* Project object */;
			proxyType = 1;
			remoteGlobalIDString = A9678437276BEB9800F75E91;
			remoteInfo = DVTWeather;
		};
/* End PBXContainerItemProxy section */

/* Begin PBXFileReference section */
		A9678438276BEB9800F75E91 /* DVTWeather.app */ = {isa = PBXFileReference; explicitFileType = wrapper.application; includeInIndex = 0; path = DVTWeather.app; sourceTree = BUILT_PRODUCTS_DIR; };
		A967843B276BEB9800F75E91 /* AppDelegate.swift */ = {isa = PBXFileReference; lastKnownFileType = sourcecode.swift; path = AppDelegate.swift; sourceTree = "<group>"; };
		A967843D276BEB9800F75E91 /* SceneDelegate.swift */ = {isa = PBXFileReference; lastKnownFileType = sourcecode.swift; path = SceneDelegate.swift; sourceTree = "<group>"; };
		A967843F276BEB9800F75E91 /* ViewController.swift */ = {isa = PBXFileReference; lastKnownFileType = sourcecode.swift; path = ViewController.swift; sourceTree = "<group>"; };
		A9678442276BEB9800F75E91 /* Base */ = {isa = PBXFileReference; lastKnownFileType = file.storyboard; name = Base; path = Base.lproj/Main.storyboard; sourceTree = "<group>"; };
		A9678444276BEBAA00F75E91 /* Assets.xcassets */ = {isa = PBXFileReference; lastKnownFileType = folder.assetcatalog; path = Assets.xcassets; sourceTree = "<group>"; };
		A9678447276BEBAA00F75E91 /* Base */ = {isa = PBXFileReference; lastKnownFileType = file.storyboard; name = Base; path = Base.lproj/LaunchScreen.storyboard; sourceTree = "<group>"; };
		A9678449276BEBAA00F75E91 /* Info.plist */ = {isa = PBXFileReference; lastKnownFileType = text.plist.xml; path = Info.plist; sourceTree = "<group>"; };
		A967844E276BEBAB00F75E91 /* DVTWeatherTests.xctest */ = {isa = PBXFileReference; explicitFileType = wrapper.cfbundle; includeInIndex = 0; path = DVTWeatherTests.xctest; sourceTree = BUILT_PRODUCTS_DIR; };
		A9678452276BEBAB00F75E91 /* DVTWeatherTests.swift */ = {isa = PBXFileReference; lastKnownFileType = sourcecode.swift; path = DVTWeatherTests.swift; sourceTree = "<group>"; };
		A9678454276BEBAB00F75E91 /* Info.plist */ = {isa = PBXFileReference; lastKnownFileType = text.plist.xml; path = Info.plist; sourceTree = "<group>"; };
		A9678459276BEBAB00F75E91 /* DVTWeatherUITests.xctest */ = {isa = PBXFileReference; explicitFileType = wrapper.cfbundle; includeInIndex = 0; path = DVTWeatherUITests.xctest; sourceTree = BUILT_PRODUCTS_DIR; };
		A967845D276BEBAB00F75E91 /* DVTWeatherUITests.swift */ = {isa = PBXFileReference; lastKnownFileType = sourcecode.swift; path = DVTWeatherUITests.swift; sourceTree = "<group>"; };
		A967845F276BEBAB00F75E91 /* Info.plist */ = {isa = PBXFileReference; lastKnownFileType = text.plist.xml; path = Info.plist; sourceTree = "<group>"; };
/* End PBXFileReference section */

/* Begin PBXFrameworksBuildPhase section */
		A9678435276BEB9800F75E91 /* Frameworks */ = {
			isa = PBXFrameworksBuildPhase;
			buildActionMask = 2147483647;
			files = (
			);
			runOnlyForDeploymentPostprocessing = 0;
		};
		A967844B276BEBAB00F75E91 /* Frameworks */ = {
			isa = PBXFrameworksBuildPhase;
			buildActionMask = 2147483647;
			files = (
			);
			runOnlyForDeploymentPostprocessing = 0;
		};
		A9678456276BEBAB00F75E91 /* Frameworks */ = {
			isa = PBXFrameworksBuildPhase;
			buildActionMask = 2147483647;
			files = (
			);
			runOnlyForDeploymentPostprocessing = 0;
		};
/* End PBXFrameworksBuildPhase section */

/* Begin PBXGroup section */
		A967842F276BEB9700F75E91 = {
			isa = PBXGroup;
			children = (
				A967843A276BEB9800F75E91 /* DVTWeather */,
				A9678451276BEBAB00F75E91 /* DVTWeatherTests */,
				A967845C276BEBAB00F75E91 /* DVTWeatherUITests */,
				A9678439276BEB9800F75E91 /* Products */,
			);
			sourceTree = "<group>";
		};
		A9678439276BEB9800F75E91 /* Products */ = {
			isa = PBXGroup;
			children = (
				A9678438276BEB9800F75E91 /* DVTWeather.app */,
				A967844E276BEBAB00F75E91 /* DVTWeatherTests.xctest */,
				A9678459276BEBAB00F75E91 /* DVTWeatherUITests.xctest */,
			);
			name = Products;
			sourceTree = "<group>";
		};
		A967843A276BEB9800F75E91 /* DVTWeather */ = {
			isa = PBXGroup;
			children = (
				A967843B276BEB9800F75E91 /* AppDelegate.swift */,
				A967843D276BEB9800F75E91 /* SceneDelegate.swift */,
				A967843F276BEB9800F75E91 /* ViewController.swift */,
				A9678441276BEB9800F75E91 /* Main.storyboard */,
				A9678444276BEBAA00F75E91 /* Assets.xcassets */,
				A9678446276BEBAA00F75E91 /* LaunchScreen.storyboard */,
				A9678449276BEBAA00F75E91 /* Info.plist */,
			);
			path = DVTWeather;
			sourceTree = "<group>";
		};
		A9678451276BEBAB00F75E91 /* DVTWeatherTests */ = {
			isa = PBXGroup;
			children = (
				A9678452276BEBAB00F75E91 /* DVTWeatherTests.swift */,
				A9678454276BEBAB00F75E91 /* Info.plist */,
			);
			path = DVTWeatherTests;
			sourceTree = "<group>";
		};
		A967845C276BEBAB00F75E91 /* DVTWeatherUITests */ = {
			isa = PBXGroup;
			children = (
				A967845D276BEBAB00F75E91 /* DVTWeatherUITests.swift */,
				A967845F276BEBAB00F75E91 /* Info.plist */,
			);
			path = DVTWeatherUITests;
			sourceTree = "<group>";
		};
/* End PBXGroup section */

/* Begin PBXNativeTarget section */
		A9678437276BEB9800F75E91 /* DVTWeather */ = {
			isa = PBXNativeTarget;
			buildConfigurationList = A9678462276BEBAB00F75E91 /* Build configuration list for PBXNativeTarget "DVTWeather" */;
			buildPhases = (
				A9678434276BEB9800F75E91 /* Sources */,
				A9678435276BEB9800F75E91 /* Frameworks */,
				A9678436276BEB9800F75E91 /* Resources */,
			);
			buildRules = (
			);
			dependencies = (
			);
			name = DVTWeather;
			productName = DVTWeather;
			productReference = A9678438276BEB9800F75E91 /* DVTWeather.app */;
			productType = "com.apple.product-type.application";
		};
		A967844D276BEBAB00F75E91 /* DVTWeatherTests */ = {
			isa = PBXNativeTarget;
			buildConfigurationList = A9678465276BEBAB00F75E91 /* Build configuration list for PBXNativeTarget "DVTWeatherTests" */;
			buildPhases = (
				A967844A276BEBAB00F75E91 /* Sources */,
				A967844B276BEBAB00F75E91 /* Frameworks */,
				A967844C276BEBAB00F75E91 /* Resources */,
			);
			buildRules = (
			);
			dependencies = (
				A9678450276BEBAB00F75E91 /* PBXTargetDependency */,
			);
			name = DVTWeatherTests;
			productName = DVTWeatherTests;
			productReference = A967844E276BEBAB00F75E91 /* DVTWeatherTests.xctest */;
			productType = "com.apple.product-type.bundle.unit-test";
		};
		A9678458276BEBAB00F75E91 /* DVTWeatherUITests */ = {
			isa = PBXNativeTarget;
			buildConfigurationList = A9678468276BEBAB00F75E91 /* Build configuration list for PBXNativeTarget "DVTWeatherUITests" */;
			buildPhases = (
				A9678455276BEBAB00F75E91 /* Sources */,
				A9678456276BEBAB00F75E91 /* Frameworks */,
				A9678457276BEBAB00F75E91 /* Resources */,
			);
			buildRules = (
			);
			dependencies = (
				A967845B276BEBAB00F75E91 /* PBXTargetDependency */,
			);
			name = DVTWeatherUITests;
			productName = DVTWeatherUITests;
			productReference = A9678459276BEBAB00F75E91 /* DVTWeatherUITests.xctest */;
			productType = "com.apple.product-type.bundle.ui-testing";
		};
/* End PBXNativeTarget section */

/* Begin PBXProject section */
		A9678430276BEB9700F75E91 /* Project object */ = {
			isa = PBXProject;
			attributes = {
				LastSwiftUpdateCheck = 1240;
				LastUpgradeCheck = 1240;
				TargetAttributes = {
					A9678437276BEB9800F75E91 = {
						CreatedOnToolsVersion = 12.4;
					};
					A967844D276BEBAB00F75E91 = {
						CreatedOnToolsVersion = 12.4;
						TestTargetID = A9678437276BEB9800F75E91;
					};
					A9678458276BEBAB00F75E91 = {
						CreatedOnToolsVersion = 12.4;
						TestTargetID = A9678437276BEB9800F75E91;
					};
				};
			};
			buildConfigurationList = A9678433276BEB9700F75E91 /* Build configuration list for PBXProject "DVTWeather" */;
			compatibilityVersion = "Xcode 9.3";
			developmentRegion = en;
			hasScannedForEncodings = 0;
			knownRegions = (
				en,
				Base,
			);
			mainGroup = A967842F276BEB9700F75E91;
			productRefGroup = A9678439276BEB9800F75E91 /* Products */;
			projectDirPath = "";
			projectRoot = "";
			targets = (
				A9678437276BEB9800F75E91 /* DVTWeather */,
				A967844D276BEBAB00F75E91 /* DVTWeatherTests */,
				A9678458276BEBAB00F75E91 /* DVTWeatherUITests */,
			);
		};
/* End PBXProject section */

/* Begin PBXResourcesBuildPhase section */
		A9678436276BEB9800F75E91 /* Resources */ = {
			isa = PBXResourcesBuildPhase;
			buildActionMask = 2147483647;
			files = (
				A9678448276BEBAA00F75E91 /* LaunchScreen.storyboard in Resources */,
				A9678445276BEBAA00F75E91 /* Assets.xcassets in Resources */,
				A9678443276BEB9800F75E91 /* Main.storyboard in Resources */,
			);
			runOnlyForDeploymentPostprocessing = 0;
		};
		A967844C276BEBAB00F75E91 /* Resources */ = {
			isa = PBXResourcesBuildPhase;
			buildActionMask = 2147483647;
			files = (
			);
			runOnlyForDeploymentPostprocessing = 0;
		};
		A9678457276BEBAB00F75E91 /* Resources */ = {
			isa = PBXResourcesBuildPhase;
			buildActionMask = 2147483647;
			files = (
			);
			runOnlyForDeploymentPostprocessing = 0;
		};
/* End PBXResourcesBuildPhase section */

/* Begin PBXSourcesBuildPhase section */
		A9678434276BEB9800F75E91 /* Sources */ = {
			isa = PBXSourcesBuildPhase;
			buildActionMask = 2147483647;
			files = (
				A9678440276BEB9800F75E91 /* ViewController.swift in Sources */,
				A967843C276BEB9800F75E91 /* AppDelegate.swift in Sources */,
				A967843E276BEB9800F75E91 /* SceneDelegate.swift in Sources */,
			);
			runOnlyForDeploymentPostprocessing = 0;
		};
		A967844A276BEBAB00F75E91 /* Sources */ = {
			isa = PBXSourcesBuildPhase;
			buildActionMask = 2147483647;
			files = (
				A9678453276BEBAB00F75E91 /* DVTWeatherTests.swift in Sources */,
			);
			runOnlyForDeploymentPostprocessing = 0;
		};
		A9678455276BEBAB00F75E91 /* Sources */ = {
			isa = PBXSourcesBuildPhase;
			buildActionMask = 2147483647;
			files = (
				A967845E276BEBAB00F75E91 /* DVTWeatherUITests.swift in Sources */,
			);
			runOnlyForDeploymentPostprocessing = 0;
		};
/* End PBXSourcesBuildPhase section */

/* Begin PBXTargetDependency section */
		A9678450276BEBAB00F75E91 /* PBXTargetDependency */ = {
			isa = PBXTargetDependency;
			target = A9678437276BEB9800F75E91 /* DVTWeather */;
			targetProxy = A967844F276BEBAB00F75E91 /* PBXContainerItemProxy */;
		};
		A967845B276BEBAB00F75E91 /* PBXTargetDependency */ = {
			isa = PBXTargetDependency;
			target = A9678437276BEB9800F75E91 /* DVTWeather */;
			targetProxy = A967845A276BEBAB00F75E91 /* PBXContainerItemProxy */;
		};
/* End PBXTargetDependency section */

/* Begin PBXVariantGroup section */
		A9678441276BEB9800F75E91 /* Main.storyboard */ = {
			isa = PBXVariantGroup;
			children = (
				A9678442276BEB9800F75E91 /* Base */,
			);
			name = Main.storyboard;
			sourceTree = "<group>";
		};
		A9678446276BEBAA00F75E91 /* LaunchScreen.storyboard */ = {
			isa = PBXVariantGroup;
			children = (
				A9678447276BEBAA00F75E91 /* Base */,
			);
			name = LaunchScreen.storyboard;
			sourceTree = "<group>";
		};
/* End PBXVariantGroup section */

/* Begin XCBuildConfiguration section */
		A9678460276BEBAB00F75E91 /* Debug */ = {
			isa = XCBuildConfiguration;
			buildSettings = {
				ALWAYS_SEARCH_USER_PATHS = NO;
				CLANG_ANALYZER_NONNULL = YES;
				CLANG_ANALYZER_NUMBER_OBJECT_CONVERSION = YES_AGGRESSIVE;
				CLANG_CXX_LANGUAGE_STANDARD = "gnu++14";
				CLANG_CXX_LIBRARY = "libc++";
				CLANG_ENABLE_MODULES = YES;
				CLANG_ENABLE_OBJC_ARC = YES;
				CLANG_ENABLE_OBJC_WEAK = YES;
				CLANG_WARN_BLOCK_CAPTURE_AUTORELEASING = YES;
				CLANG_WARN_BOOL_CONVERSION = YES;
				CLANG_WARN_COMMA = YES;
				CLANG_WARN_CONSTANT_CONVERSION = YES;
				CLANG_WARN_DEPRECATED_OBJC_IMPLEMENTATIONS = YES;
				CLANG_WARN_DIRECT_OBJC_ISA_USAGE = YES_ERROR;
				CLANG_WARN_DOCUMENTATION_COMMENTS = YES;
				CLANG_WARN_EMPTY_BODY = YES;
				CLANG_WARN_ENUM_CONVERSION = YES;
				CLANG_WARN_INFINITE_RECURSION = YES;
				CLANG_WARN_INT_CONVERSION = YES;
				CLANG_WARN_NON_LITERAL_NULL_CONVERSION = YES;
				CLANG_WARN_OBJC_IMPLICIT_RETAIN_SELF = YES;
				CLANG_WARN_OBJC_LITERAL_CONVERSION = YES;
				CLANG_WARN_OBJC_ROOT_CLASS = YES_ERROR;
				CLANG_WARN_QUOTED_INCLUDE_IN_FRAMEWORK_HEADER = YES;
				CLANG_WARN_RANGE_LOOP_ANALYSIS = YES;
				CLANG_WARN_STRICT_PROTOTYPES = YES;
				CLANG_WARN_SUSPICIOUS_MOVE = YES;
				CLANG_WARN_UNGUARDED_AVAILABILITY = YES_AGGRESSIVE;
				CLANG_WARN_UNREACHABLE_CODE = YES;
				CLANG_WARN__DUPLICATE_METHOD_MATCH = YES;
				COPY_PHASE_STRIP = NO;
				DEBUG_INFORMATION_FORMAT = dwarf;
				ENABLE_STRICT_OBJC_MSGSEND = YES;
				ENABLE_TESTABILITY = YES;
				GCC_C_LANGUAGE_STANDARD = gnu11;
				GCC_DYNAMIC_NO_PIC = NO;
				GCC_NO_COMMON_BLOCKS = YES;
				GCC_OPTIMIZATION_LEVEL = 0;
				GCC_PREPROCESSOR_DEFINITIONS = (
					"DEBUG=1",
					"$(inherited)",
				);
				GCC_WARN_64_TO_32_BIT_CONVERSION = YES;
				GCC_WARN_ABOUT_RETURN_TYPE = YES_ERROR;
				GCC_WARN_UNDECLARED_SELECTOR = YES;
				GCC_WARN_UNINITIALIZED_AUTOS = YES_AGGRESSIVE;
				GCC_WARN_UNUSED_FUNCTION = YES;
				GCC_WARN_UNUSED_VARIABLE = YES;
				IPHONEOS_DEPLOYMENT_TARGET = 14.4;
				MTL_ENABLE_DEBUG_INFO = INCLUDE_SOURCE;
				MTL_FAST_MATH = YES;
				ONLY_ACTIVE_ARCH = YES;
				SDKROOT = iphoneos;
				SWIFT_ACTIVE_COMPILATION_CONDITIONS = DEBUG;
				SWIFT_OPTIMIZATION_LEVEL = "-Onone";
			};
			name = Debug;
		};
		A9678461276BEBAB00F75E91 /* Release */ = {
			isa = XCBuildConfiguration;
			buildSettings = {
				ALWAYS_SEARCH_USER_PATHS = NO;
				CLANG_ANALYZER_NONNULL = YES;
				CLANG_ANALYZER_NUMBER_OBJECT_CONVERSION = YES_AGGRESSIVE;
				CLANG_CXX_LANGUAGE_STANDARD = "gnu++14";
				CLANG_CXX_LIBRARY = "libc++";
				CLANG_ENABLE_MODULES = YES;
				CLANG_ENABLE_OBJC_ARC = YES;
				CLANG_ENABLE_OBJC_WEAK = YES;
				CLANG_WARN_BLOCK_CAPTURE_AUTORELEASING = YES;
				CLANG_WARN_BOOL_CONVERSION = YES;
				CLANG_WARN_COMMA = YES;
				CLANG_WARN_CONSTANT_CONVERSION = YES;
				CLANG_WARN_DEPRECATED_OBJC_IMPLEMENTATIONS = YES;
				CLANG_WARN_DIRECT_OBJC_ISA_USAGE = YES_ERROR;
				CLANG_WARN_DOCUMENTATION_COMMENTS = YES;
				CLANG_WARN_EMPTY_BODY = YES;
				CLANG_WARN_ENUM_CONVERSION = YES;
				CLANG_WARN_INFINITE_RECURSION = YES;
				CLANG_WARN_INT_CONVERSION = YES;
				CLANG_WARN_NON_LITERAL_NULL_CONVERSION = YES;
				CLANG_WARN_OBJC_IMPLICIT_RETAIN_SELF = YES;
				CLANG_WARN_OBJC_LITERAL_CONVERSION = YES;
				CLANG_WARN_OBJC_ROOT_CLASS = YES_ERROR;
				CLANG_WARN_QUOTED_INCLUDE_IN_FRAMEWORK_HEADER = YES;
				CLANG_WARN_RANGE_LOOP_ANALYSIS = YES;
				CLANG_WARN_STRICT_PROTOTYPES = YES;
				CLANG_WARN_SUSPICIOUS_MOVE = YES;
				CLANG_WARN_UNGUARDED_AVAILABILITY = YES_AGGRESSIVE;
				CLANG_WARN_UNREACHABLE_CODE = YES;
				CLANG_WARN__DUPLICATE_METHOD_MATCH = YES;
				COPY_PHASE_STRIP = NO;
				DEBUG_INFORMATION_FORMAT = "dwarf-with-dsym";
				ENABLE_NS_ASSERTIONS = NO;
				ENABLE_STRICT_OBJC_MSGSEND = YES;
				GCC_C_LANGUAGE_STANDARD = gnu11;
				GCC_NO_COMMON_BLOCKS = YES;
				GCC_WARN_64_TO_32_BIT_CONVERSION = YES;
				GCC_WARN_ABOUT_RETURN_TYPE = YES_ERROR;
				GCC_WARN_UNDECLARED_SELECTOR = YES;
				GCC_WARN_UNINITIALIZED_AUTOS = YES_AGGRESSIVE;
				GCC_WARN_UNUSED_FUNCTION = YES;
				GCC_WARN_UNUSED_VARIABLE = YES;
				IPHONEOS_DEPLOYMENT_TARGET = 14.4;
				MTL_ENABLE_DEBUG_INFO = NO;
				MTL_FAST_MATH = YES;
				SDKROOT = iphoneos;
				SWIFT_COMPILATION_MODE = wholemodule;
				SWIFT_OPTIMIZATION_LEVEL = "-O";
				VALIDATE_PRODUCT = YES;
			};
			name = Release;
		};
		A9678463276BEBAB00F75E91 /* Debug */ = {
			isa = XCBuildConfiguration;
			buildSettings = {
				ASSETCATALOG_COMPILER_APPICON_NAME = AppIcon;
				ASSETCATALOG_COMPILER_GLOBAL_ACCENT_COLOR_NAME = AccentColor;
				CODE_SIGN_STYLE = Automatic;
				DEVELOPMENT_TEAM = 2MK2D93834;
				INFOPLIST_FILE = DVTWeather/Info.plist;
				LD_RUNPATH_SEARCH_PATHS = (
					"$(inherited)",
					"@executable_path/Frameworks",
				);
				PRODUCT_BUNDLE_IDENTIFIER = mimfix.DVTWeather;
				PRODUCT_NAME = "$(TARGET_NAME)";
				SWIFT_VERSION = 5.0;
				TARGETED_DEVICE_FAMILY = "1,2";
			};
			name = Debug;
		};
		A9678464276BEBAB00F75E91 /* Release */ = {
			isa = XCBuildConfiguration;
			buildSettings = {
				ASSETCATALOG_COMPILER_APPICON_NAME = AppIcon;
				ASSETCATALOG_COMPILER_GLOBAL_ACCENT_COLOR_NAME = AccentColor;
				CODE_SIGN_STYLE = Automatic;
				DEVELOPMENT_TEAM = 2MK2D93834;
				INFOPLIST_FILE = DVTWeather/Info.plist;
				LD_RUNPATH_SEARCH_PATHS = (
					"$(inherited)",
					"@executable_path/Frameworks",
				);
				PRODUCT_BUNDLE_IDENTIFIER = mimfix.DVTWeather;
				PRODUCT_NAME = "$(TARGET_NAME)";
				SWIFT_VERSION = 5.0;
				TARGETED_DEVICE_FAMILY = "1,2";
			};
			name = Release;
		};
		A9678466276BEBAB00F75E91 /* Debug */ = {
			isa = XCBuildConfiguration;
			buildSettings = {
				ALWAYS_EMBED_SWIFT_STANDARD_LIBRARIES = YES;
				BUNDLE_LOADER = "$(TEST_HOST)";
				CODE_SIGN_STYLE = Automatic;
				DEVELOPMENT_TEAM = 2MK2D93834;
				INFOPLIST_FILE = DVTWeatherTests/Info.plist;
				IPHONEOS_DEPLOYMENT_TARGET = 14.4;
				LD_RUNPATH_SEARCH_PATHS = (
					"$(inherited)",
					"@executable_path/Frameworks",
					"@loader_path/Frameworks",
				);
				PRODUCT_BUNDLE_IDENTIFIER = mimfix.DVTWeatherTests;
				PRODUCT_NAME = "$(TARGET_NAME)";
				SWIFT_VERSION = 5.0;
				TARGETED_DEVICE_FAMILY = "1,2";
				TEST_HOST = "$(BUILT_PRODUCTS_DIR)/DVTWeather.app/DVTWeather";
			};
			name = Debug;
		};
		A9678467276BEBAB00F75E91 /* Release */ = {
			isa = XCBuildConfiguration;
			buildSettings = {
				ALWAYS_EMBED_SWIFT_STANDARD_LIBRARIES = YES;
				BUNDLE_LOADER = "$(TEST_HOST)";
				CODE_SIGN_STYLE = Automatic;
				DEVELOPMENT_TEAM = 2MK2D93834;
				INFOPLIST_FILE = DVTWeatherTests/Info.plist;
				IPHONEOS_DEPLOYMENT_TARGET = 14.4;
				LD_RUNPATH_SEARCH_PATHS = (
					"$(inherited)",
					"@executable_path/Frameworks",
					"@loader_path/Frameworks",
				);
				PRODUCT_BUNDLE_IDENTIFIER = mimfix.DVTWeatherTests;
				PRODUCT_NAME = "$(TARGET_NAME)";
				SWIFT_VERSION = 5.0;
				TARGETED_DEVICE_FAMILY = "1,2";
				TEST_HOST = "$(BUILT_PRODUCTS_DIR)/DVTWeather.app/DVTWeather";
			};
			name = Release;
		};
		A9678469276BEBAB00F75E91 /* Debug */ = {
			isa = XCBuildConfiguration;
			buildSettings = {
				ALWAYS_EMBED_SWIFT_STANDARD_LIBRARIES = YES;
				CODE_SIGN_STYLE = Automatic;
				DEVELOPMENT_TEAM = 2MK2D93834;
				INFOPLIST_FILE = DVTWeatherUITests/Info.plist;
				LD_RUNPATH_SEARCH_PATHS = (
					"$(inherited)",
					"@executable_path/Frameworks",
					"@loader_path/Frameworks",
				);
				PRODUCT_BUNDLE_IDENTIFIER = mimfix.DVTWeatherUITests;
				PRODUCT_NAME = "$(TARGET_NAME)";
				SWIFT_VERSION = 5.0;
				TARGETED_DEVICE_FAMILY = "1,2";
				TEST_TARGET_NAME = DVTWeather;
			};
			name = Debug;
		};
		A967846A276BEBAB00F75E91 /* Release */ = {
			isa = XCBuildConfiguration;
			buildSettings = {
				ALWAYS_EMBED_SWIFT_STANDARD_LIBRARIES = YES;
				CODE_SIGN_STYLE = Automatic;
				DEVELOPMENT_TEAM = 2MK2D93834;
				INFOPLIST_FILE = DVTWeatherUITests/Info.plist;
				LD_RUNPATH_SEARCH_PATHS = (
					"$(inherited)",
					"@executable_path/Frameworks",
					"@loader_path/Frameworks",
				);
				PRODUCT_BUNDLE_IDENTIFIER = mimfix.DVTWeatherUITests;
				PRODUCT_NAME = "$(TARGET_NAME)";
				SWIFT_VERSION = 5.0;
				TARGETED_DEVICE_FAMILY = "1,2";
				TEST_TARGET_NAME = DVTWeather;
			};
			name = Release;
		};
/* End XCBuildConfiguration section */

/* Begin XCConfigurationList section */
		A9678433276BEB9700F75E91 /* Build configuration list for PBXProject "DVTWeather" */ = {
			isa = XCConfigurationList;
			buildConfigurations = (
				A9678460276BEBAB00F75E91 /* Debug */,
				A9678461276BEBAB00F75E91 /* Release */,
			);
			defaultConfigurationIsVisible = 0;
			defaultConfigurationName = Release;
		};
		A9678462276BEBAB00F75E91 /* Build configuration list for PBXNativeTarget "DVTWeather" */ = {
			isa = XCConfigurationList;
			buildConfigurations = (
				A9678463276BEBAB00F75E91 /* Debug */,
				A9678464276BEBAB00F75E91 /* Release */,
			);
			defaultConfigurationIsVisible = 0;
			defaultConfigurationName = Release;
		};
		A9678465276BEBAB00F75E91 /* Build configuration list for PBXNativeTarget "DVTWeatherTests" */ = {
			isa = XCConfigurationList;
			buildConfigurations = (
				A9678466276BEBAB00F75E91 /* Debug */,
				A9678467276BEBAB00F75E91 /* Release */,
			);
			defaultConfigurationIsVisible = 0;
			defaultConfigurationName = Release;
		};
		A9678468276BEBAB00F75E91 /* Build configuration list for PBXNativeTarget "DVTWeatherUITests" */ = {
			isa = XCConfigurationList;
			buildConfigurations = (
				A9678469276BEBAB00F75E91 /* Debug */,
				A967846A276BEBAB00F75E91 /* Release */,
			);
			defaultConfigurationIsVisible = 0;
			defaultConfigurationName = Release;
		};
/* End XCConfigurationList section */
	};
	rootObject = A9678430276BEB9700F75E91 /* Project object */;
}
